
Microsoft Visual Studio Solution File, Format Version 12.00
# Visual Studio Version 17
VisualStudioVersion = 17.7.34221.43
MinimumVisualStudioVersion = 10.0.40219.1
Project("{9A19103F-16F7-4668-BE54-9A1E7A4F7556}") = "TimeCalculator", "TimeCalculator\TimeCalculator.csproj", "{9D0F92AB-2B62-47B0-9AA1-B3353C4699DA}"
EndProject
Project("{9A19103F-16F7-4668-BE54-9A1E7A4F7556}") = "TimeCalculatorTests", "TimeCalculatorTests\TimeCalculatorTests.csproj", "{3F6E3349-A343-4113-A01B-9DA2E02E9A89}"
	ProjectSection(ProjectDependencies) = postProject
		{9D0F92AB-2B62-47B0-9AA1-B3353C4699DA} = {9D0F92AB-2B62-47B0-9AA1-B3353C4699DA}
	EndProjectSection
EndProject
Global
	GlobalSection(SolutionConfigurationPlatforms) = preSolution
		Debug|Any CPU = Debug|Any CPU
		Release|Any CPU = Release|Any CPU
	EndGlobalSection
	GlobalSection(ProjectConfigurationPlatforms) = postSolution
		{9D0F92AB-2B62-47B0-9AA1-B3353C4699DA}.Debug|Any CPU.ActiveCfg = Debug|Any CPU
		{9D0F92AB-2B62-47B0-9AA1-B3353C4699DA}.Debug|Any CPU.Build.0 = Debug|Any CPU
		{9D0F92AB-2B62-47B0-9AA1-B3353C4699DA}.Release|Any CPU.ActiveCfg = Release|Any CPU
		{9D0F92AB-2B62-47B0-9AA1-B3353C4699DA}.Release|Any CPU.Build.0 = Release|Any CPU
		{3F6E3349-A343-4113-A01B-9DA2E02E9A89}.Debug|Any CPU.ActiveCfg = Debug|Any CPU
		{3F6E3349-A343-4113-A01B-9DA2E02E9A89}.Debug|Any CPU.Build.0 = Debug|Any CPU
		{3F6E3349-A343-4113-A01B-9DA2E02E9A89}.Release|Any CPU.ActiveCfg = Release|Any CPU
		{3F6E3349-A343-4113-A01B-9DA2E02E9A89}.Release|Any CPU.Build.0 = Release|Any CPU
	EndGlobalSection
	GlobalSection(SolutionProperties) = preSolution
		HideSolutionNode = FALSE
	EndGlobalSection
	GlobalSection(ExtensibilityGlobals) = postSolution
		SolutionGuid = {3850C2FA-E305-441F-A225-CDE11B6DAF59}
	EndGlobalSection
EndGlobal
